
Microsoft Visual Studio Solution File, Format Version 12.00
# Visual Studio 2012
Project("{FAE04EC0-301F-11D3-BF4B-00C04F79EFBC}") = "ListViewSample", "ListViewSample.csproj", "{E034F155-679D-44D7-A968-21E26AD64962}"
EndProject
Project("{FAE04EC0-301F-11D3-BF4B-00C04F79EFBC}") = "ListViewSample.Droid", "Droid\ListViewSample.Droid.csproj", "{510FA93D-27EA-4F92-8CB7-A12DF5E42C6A}"
EndProject
Project("{FAE04EC0-301F-11D3-BF4B-00C04F79EFBC}") = "ListViewSample.iOS", "iOS\ListViewSample.iOS.csproj", "{28982E42-74D1-4ED1-B0B5-332C0918CB58}"
EndProject
Global
	GlobalSection(SolutionConfigurationPlatforms) = preSolution
		Debug|Any CPU = Debug|Any CPU
		Release|Any CPU = Release|Any CPU
		Debug|iPhoneSimulator = Debug|iPhoneSimulator
		Release|iPhone = Release|iPhone
		Release|iPhoneSimulator = Release|iPhoneSimulator
		Debug|iPhone = Debug|iPhone
	EndGlobalSection
	GlobalSection(ProjectConfigurationPlatforms) = postSolution
		{E034F155-679D-44D7-A968-21E26AD64962}.Debug|Any CPU.ActiveCfg = Debug|Any CPU
		{E034F155-679D-44D7-A968-21E26AD64962}.Debug|Any CPU.Build.0 = Debug|Any CPU
		{E034F155-679D-44D7-A968-21E26AD64962}.Release|Any CPU.ActiveCfg = Release|Any CPU
		{E034F155-679D-44D7-A968-21E26AD64962}.Release|Any CPU.Build.0 = Release|Any CPU
		{E034F155-679D-44D7-A968-21E26AD64962}.Debug|iPhoneSimulator.ActiveCfg = Debug|Any CPU
		{E034F155-679D-44D7-A968-21E26AD64962}.Debug|iPhoneSimulator.Build.0 = Debug|Any CPU
		{E034F155-679D-44D7-A968-21E26AD64962}.Release|iPhone.ActiveCfg = Release|Any CPU
		{E034F155-679D-44D7-A968-21E26AD64962}.Release|iPhone.Build.0 = Release|Any CPU
		{E034F155-679D-44D7-A968-21E26AD64962}.Release|iPhoneSimulator.ActiveCfg = Release|Any CPU
		{E034F155-679D-44D7-A968-21E26AD64962}.Release|iPhoneSimulator.Build.0 = Release|Any CPU
		{E034F155-679D-44D7-A968-21E26AD64962}.Debug|iPhone.ActiveCfg = Debug|Any CPU
		{E034F155-679D-44D7-A968-21E26AD64962}.Debug|iPhone.Build.0 = Debug|Any CPU
		{510FA93D-27EA-4F92-8CB7-A12DF5E42C6A}.Debug|Any CPU.ActiveCfg = Debug|Any CPU
		{510FA93D-27EA-4F92-8CB7-A12DF5E42C6A}.Debug|Any CPU.Build.0 = Debug|Any CPU
		{510FA93D-27EA-4F92-8CB7-A12DF5E42C6A}.Release|Any CPU.ActiveCfg = Release|Any CPU
		{510FA93D-27EA-4F92-8CB7-A12DF5E42C6A}.Release|Any CPU.Build.0 = Release|Any CPU
		{510FA93D-27EA-4F92-8CB7-A12DF5E42C6A}.Debug|iPhoneSimulator.ActiveCfg = Debug|Any CPU
		{510FA93D-27EA-4F92-8CB7-A12DF5E42C6A}.Debug|iPhoneSimulator.Build.0 = Debug|Any CPU
		{510FA93D-27EA-4F92-8CB7-A12DF5E42C6A}.Release|iPhone.ActiveCfg = Release|Any CPU
		{510FA93D-27EA-4F92-8CB7-A12DF5E42C6A}.Release|iPhone.Build.0 = Release|Any CPU
		{510FA93D-27EA-4F92-8CB7-A12DF5E42C6A}.Release|iPhoneSimulator.ActiveCfg = Release|Any CPU
		{510FA93D-27EA-4F92-8CB7-A12DF5E42C6A}.Release|iPhoneSimulator.Build.0 = Release|Any CPU
		{510FA93D-27EA-4F92-8CB7-A12DF5E42C6A}.Debug|iPhone.ActiveCfg = Debug|Any CPU
		{510FA93D-27EA-4F92-8CB7-A12DF5E42C6A}.Debug|iPhone.Build.0 = Debug|Any CPU
		{28982E42-74D1-4ED1-B0B5-332C0918CB58}.Debug|Any CPU.ActiveCfg = Debug|iPhoneSimulator
		{28982E42-74D1-4ED1-B0B5-332C0918CB58}.Debug|Any CPU.Build.0 = Debug|iPhoneSimulator
		{28982E42-74D1-4ED1-B0B5-332C0918CB58}.Release|Any CPU.ActiveCfg = Release|iPhone
		{28982E42-74D1-4ED1-B0B5-332C0918CB58}.Release|Any CPU.Build.0 = Release|iPhone
		{28982E42-74D1-4ED1-B0B5-332C0918CB58}.Debug|iPhoneSimulator.ActiveCfg = Debug|iPhoneSimulator
		{28982E42-74D1-4ED1-B0B5-332C0918CB58}.Debug|iPhoneSimulator.Build.0 = Debug|iPhoneSimulator
		{28982E42-74D1-4ED1-B0B5-332C0918CB58}.Release|iPhone.ActiveCfg = Release|iPhone
		{28982E42-74D1-4ED1-B0B5-332C0918CB58}.Release|iPhone.Build.0 = Release|iPhone
		{28982E42-74D1-4ED1-B0B5-332C0918CB58}.Release|iPhoneSimulator.ActiveCfg = Release|iPhoneSimulator
		{28982E42-74D1-4ED1-B0B5-332C0918CB58}.Release|iPhoneSimulator.Build.0 = Release|iPhoneSimulator
		{28982E42-74D1-4ED1-B0B5-332C0918CB58}.Debug|iPhone.ActiveCfg = Debug|iPhone
		{28982E42-74D1-4ED1-B0B5-332C0918CB58}.Debug|iPhone.Build.0 = Debug|iPhone
	EndGlobalSection
EndGlobal
